
Microsoft Visual Studio Solution File, Format Version 12.00
# Visual Studio Version 17
VisualStudioVersion = 17.8.34525.116
MinimumVisualStudioVersion = 10.0.40219.1
Project("{9A19103F-16F7-4668-BE54-9A1E7A4F7556}") = "Back 2.0", "Back 2.0.csproj", "{3D33AF95-5153-4316-ABDF-C584A31C1E47}"
EndProject
Project("{9A19103F-16F7-4668-BE54-9A1E7A4F7556}") = "Tests", "..\Tests\Tests.csproj", "{1D2D717E-1B14-4FFB-93BB-5F2DC17AD7FC}"
	ProjectSection(ProjectDependencies) = postProject
		{3D33AF95-5153-4316-ABDF-C584A31C1E47} = {3D33AF95-5153-4316-ABDF-C584A31C1E47}
	EndProjectSection
EndProject
Global
	GlobalSection(SolutionConfigurationPlatforms) = preSolution
		Debug|Any CPU = Debug|Any CPU
		Release|Any CPU = Release|Any CPU
	EndGlobalSection
	GlobalSection(ProjectConfigurationPlatforms) = postSolution
		{3D33AF95-5153-4316-ABDF-C584A31C1E47}.Debug|Any CPU.ActiveCfg = Debug|Any CPU
		{3D33AF95-5153-4316-ABDF-C584A31C1E47}.Debug|Any CPU.Build.0 = Debug|Any CPU
		{3D33AF95-5153-4316-ABDF-C584A31C1E47}.Release|Any CPU.ActiveCfg = Release|Any CPU
		{3D33AF95-5153-4316-ABDF-C584A31C1E47}.Release|Any CPU.Build.0 = Release|Any CPU
		{1D2D717E-1B14-4FFB-93BB-5F2DC17AD7FC}.Debug|Any CPU.ActiveCfg = Debug|Any CPU
		{1D2D717E-1B14-4FFB-93BB-5F2DC17AD7FC}.Debug|Any CPU.Build.0 = Debug|Any CPU
		{1D2D717E-1B14-4FFB-93BB-5F2DC17AD7FC}.Release|Any CPU.ActiveCfg = Release|Any CPU
		{1D2D717E-1B14-4FFB-93BB-5F2DC17AD7FC}.Release|Any CPU.Build.0 = Release|Any CPU
	EndGlobalSection
	GlobalSection(SolutionProperties) = preSolution
		HideSolutionNode = FALSE
	EndGlobalSection
	GlobalSection(ExtensibilityGlobals) = postSolution
		SolutionGuid = {899223A8-1481-40D7-805C-B232745297F4}
	EndGlobalSection
EndGlobal
